
Microsoft Visual Studio Solution File, Format Version 12.00
# Visual Studio Version 17
VisualStudioVersion = 17.0.31912.275
MinimumVisualStudioVersion = 10.0.40219.1
Project("{FAE04EC0-301F-11D3-BF4B-00C04F79EFBC}") = "LabWpfApp17", "LabWpfApp17\LabWpfApp17.csproj", "{68A29708-0D62-49AC-94B6-C08E70454CBA}"
EndProject
Global
	GlobalSection(SolutionConfigurationPlatforms) = preSolution
		Debug|Any CPU = Debug|Any CPU
		Release|Any CPU = Release|Any CPU
	EndGlobalSection
	GlobalSection(ProjectConfigurationPlatforms) = postSolution
		{68A29708-0D62-49AC-94B6-C08E70454CBA}.Debug|Any CPU.ActiveCfg = Debug|Any CPU
		{68A29708-0D62-49AC-94B6-C08E70454CBA}.Debug|Any CPU.Build.0 = Debug|Any CPU
		{68A29708-0D62-49AC-94B6-C08E70454CBA}.Release|Any CPU.ActiveCfg = Release|Any CPU
		{68A29708-0D62-49AC-94B6-C08E70454CBA}.Release|Any CPU.Build.0 = Release|Any CPU
	EndGlobalSection
	GlobalSection(SolutionProperties) = preSolution
		HideSolutionNode = FALSE
	EndGlobalSection
	GlobalSection(ExtensibilityGlobals) = postSolution
		SolutionGuid = {E4428C9B-E455-4144-A408-368788BD45C4}
	EndGlobalSection
EndGlobal
